
Microsoft Visual Studio Solution File, Format Version 12.00
# Visual Studio Version 17
VisualStudioVersion = 17.3.32825.248
MinimumVisualStudioVersion = 10.0.40219.1
Project("{FAE04EC0-301F-11D3-BF4B-00C04F79EFBC}") = "WpfComptesBancaires", "WpfComptesBancaires\WpfComptesBancaires.csproj", "{2B9B7E68-AAA7-4559-B7EF-C2B8B5FC7FD9}"
EndProject
Project("{FAE04EC0-301F-11D3-BF4B-00C04F79EFBC}") = "DataLayer", "DataLayer\DataLayer.csproj", "{A862987E-27C0-42FE-B935-D5A6A8E5ABD4}"
EndProject
Project("{FAE04EC0-301F-11D3-BF4B-00C04F79EFBC}") = "BusinessLayer", "BusinessLayer\BusinessLayer.csproj", "{7B366B3A-9674-46A8-8C6E-B14B1BEE1D6B}"
EndProject
Project("{FAE04EC0-301F-11D3-BF4B-00C04F79EFBC}") = "WpfVirement", "WpfVirement\WpfVirement.csproj", "{5B9A8306-1396-4905-88F5-333B22CA8D61}"
EndProject
Global
	GlobalSection(SolutionConfigurationPlatforms) = preSolution
		Debug|Any CPU = Debug|Any CPU
		Release|Any CPU = Release|Any CPU
	EndGlobalSection
	GlobalSection(ProjectConfigurationPlatforms) = postSolution
		{2B9B7E68-AAA7-4559-B7EF-C2B8B5FC7FD9}.Debug|Any CPU.ActiveCfg = Debug|Any CPU
		{2B9B7E68-AAA7-4559-B7EF-C2B8B5FC7FD9}.Debug|Any CPU.Build.0 = Debug|Any CPU
		{2B9B7E68-AAA7-4559-B7EF-C2B8B5FC7FD9}.Release|Any CPU.ActiveCfg = Release|Any CPU
		{2B9B7E68-AAA7-4559-B7EF-C2B8B5FC7FD9}.Release|Any CPU.Build.0 = Release|Any CPU
		{A862987E-27C0-42FE-B935-D5A6A8E5ABD4}.Debug|Any CPU.ActiveCfg = Debug|Any CPU
		{A862987E-27C0-42FE-B935-D5A6A8E5ABD4}.Debug|Any CPU.Build.0 = Debug|Any CPU
		{A862987E-27C0-42FE-B935-D5A6A8E5ABD4}.Release|Any CPU.ActiveCfg = Release|Any CPU
		{A862987E-27C0-42FE-B935-D5A6A8E5ABD4}.Release|Any CPU.Build.0 = Release|Any CPU
		{7B366B3A-9674-46A8-8C6E-B14B1BEE1D6B}.Debug|Any CPU.ActiveCfg = Debug|Any CPU
		{7B366B3A-9674-46A8-8C6E-B14B1BEE1D6B}.Debug|Any CPU.Build.0 = Debug|Any CPU
		{7B366B3A-9674-46A8-8C6E-B14B1BEE1D6B}.Release|Any CPU.ActiveCfg = Release|Any CPU
		{7B366B3A-9674-46A8-8C6E-B14B1BEE1D6B}.Release|Any CPU.Build.0 = Release|Any CPU
		{5B9A8306-1396-4905-88F5-333B22CA8D61}.Debug|Any CPU.ActiveCfg = Debug|Any CPU
		{5B9A8306-1396-4905-88F5-333B22CA8D61}.Debug|Any CPU.Build.0 = Debug|Any CPU
		{5B9A8306-1396-4905-88F5-333B22CA8D61}.Release|Any CPU.ActiveCfg = Release|Any CPU
		{5B9A8306-1396-4905-88F5-333B22CA8D61}.Release|Any CPU.Build.0 = Release|Any CPU
	EndGlobalSection
	GlobalSection(SolutionProperties) = preSolution
		HideSolutionNode = FALSE
	EndGlobalSection
	GlobalSection(ExtensibilityGlobals) = postSolution
		SolutionGuid = {22E3E710-6336-4037-BB94-C73B4398F0F1}
	EndGlobalSection
EndGlobal
